
Microsoft Visual Studio Solution File, Format Version 12.00
# Visual Studio Version 16
VisualStudioVersion = 16.0.32510.428
MinimumVisualStudioVersion = 10.0.40219.1
Project("{FAE04EC0-301F-11D3-BF4B-00C04F79EFBC}") = "Desafio_Lynx", "Desafio_Lynx.csproj", "{1D5BA6C2-1707-4703-AD7C-0AE29EF57636}"
EndProject
Global
	GlobalSection(SolutionConfigurationPlatforms) = preSolution
		Debug|Any CPU = Debug|Any CPU
		Release|Any CPU = Release|Any CPU
	EndGlobalSection
	GlobalSection(ProjectConfigurationPlatforms) = postSolution
		{1D5BA6C2-1707-4703-AD7C-0AE29EF57636}.Debug|Any CPU.ActiveCfg = Debug|Any CPU
		{1D5BA6C2-1707-4703-AD7C-0AE29EF57636}.Debug|Any CPU.Build.0 = Debug|Any CPU
		{1D5BA6C2-1707-4703-AD7C-0AE29EF57636}.Release|Any CPU.ActiveCfg = Release|Any CPU
		{1D5BA6C2-1707-4703-AD7C-0AE29EF57636}.Release|Any CPU.Build.0 = Release|Any CPU
	EndGlobalSection
	GlobalSection(SolutionProperties) = preSolution
		HideSolutionNode = FALSE
	EndGlobalSection
	GlobalSection(ExtensibilityGlobals) = postSolution
		SolutionGuid = {79C853D0-3F3E-45C4-88C0-B244CB773443}
	EndGlobalSection
EndGlobal
